
Microsoft Visual Studio Solution File, Format Version 12.00
# Visual Studio 15
VisualStudioVersion = 15.0.28307.757
MinimumVisualStudioVersion = 10.0.40219.1
Project("{9A19103F-16F7-4668-BE54-9A1E7A4F7556}") = "simulator", "simulator\simulator.csproj", "{F3BAEEB7-5610-43DC-82EB-1B539C8A394F}"
EndProject
Global
	GlobalSection(SolutionConfigurationPlatforms) = preSolution
		Debug|Any CPU = Debug|Any CPU
		Release|Any CPU = Release|Any CPU
	EndGlobalSection
	GlobalSection(ProjectConfigurationPlatforms) = postSolution
		{F3BAEEB7-5610-43DC-82EB-1B539C8A394F}.Debug|Any CPU.ActiveCfg = Debug|Any CPU
		{F3BAEEB7-5610-43DC-82EB-1B539C8A394F}.Debug|Any CPU.Build.0 = Debug|Any CPU
		{F3BAEEB7-5610-43DC-82EB-1B539C8A394F}.Release|Any CPU.ActiveCfg = Release|Any CPU
		{F3BAEEB7-5610-43DC-82EB-1B539C8A394F}.Release|Any CPU.Build.0 = Release|Any CPU
	EndGlobalSection
	GlobalSection(SolutionProperties) = preSolution
		HideSolutionNode = FALSE
	EndGlobalSection
	GlobalSection(ExtensibilityGlobals) = postSolution
		SolutionGuid = {3561FDE1-8A7C-4F04-90A4-9920DC512CA5}
	EndGlobalSection
EndGlobal
